Microsoft Visual Studio Solution File, Format Version 12.00
# Visual Studio Version 17
VisualStudioVersion = 17.5.2.0
MinimumVisualStudioVersion = 10.0.40219.1
Project("{FAE04EC0-301F-11D3-BF4B-00C04F79EFBC}") = "BookBoard", "BookBoard.csproj", "{22C1ABC5-0BAE-2DE9-6BC8-3710B0D76A19}"
EndProject
Global
	GlobalSection(SolutionConfigurationPlatforms) = preSolution
		Debug|Any CPU = Debug|Any CPU
		Release|Any CPU = Release|Any CPU
	EndGlobalSection
	GlobalSection(ProjectConfigurationPlatforms) = postSolution
		{22C1ABC5-0BAE-2DE9-6BC8-3710B0D76A19}.Debug|Any CPU.ActiveCfg = Debug|Any CPU
		{22C1ABC5-0BAE-2DE9-6BC8-3710B0D76A19}.Debug|Any CPU.Build.0 = Debug|Any CPU
		{22C1ABC5-0BAE-2DE9-6BC8-3710B0D76A19}.Release|Any CPU.ActiveCfg = Release|Any CPU
		{22C1ABC5-0BAE-2DE9-6BC8-3710B0D76A19}.Release|Any CPU.Build.0 = Release|Any CPU
	EndGlobalSection
	GlobalSection(SolutionProperties) = preSolution
		HideSolutionNode = FALSE
	EndGlobalSection
	GlobalSection(ExtensibilityGlobals) = postSolution
		SolutionGuid = {1D7F8279-A73C-4A1F-B9EA-606848088C15}
	EndGlobalSection
EndGlobal
